
Microsoft Visual Studio Solution File, Format Version 12.00
# Visual Studio Version 16
VisualStudioVersion = 16.0.30330.147
MinimumVisualStudioVersion = 10.0.40219.1
Project("{9A19103F-16F7-4668-BE54-9A1E7A4F7556}") = "WWBPrinter", "WWBPrinter\WWBPrinter.csproj", "{21FA3E3B-9980-43B2-9144-97FF7987F0A5}"
EndProject
Global
	GlobalSection(SolutionConfigurationPlatforms) = preSolution
		Debug|Any CPU = Debug|Any CPU
		Debug|x64 = Debug|x64
		Release|Any CPU = Release|Any CPU
		Release|x64 = Release|x64
		ShureLaptop|Any CPU = ShureLaptop|Any CPU
		ShureLaptop|x64 = ShureLaptop|x64
	EndGlobalSection
	GlobalSection(ProjectConfigurationPlatforms) = postSolution
		{21FA3E3B-9980-43B2-9144-97FF7987F0A5}.Debug|Any CPU.ActiveCfg = Debug|Any CPU
		{21FA3E3B-9980-43B2-9144-97FF7987F0A5}.Debug|Any CPU.Build.0 = Debug|Any CPU
		{21FA3E3B-9980-43B2-9144-97FF7987F0A5}.Debug|x64.ActiveCfg = Debug|x64
		{21FA3E3B-9980-43B2-9144-97FF7987F0A5}.Debug|x64.Build.0 = Debug|x64
		{21FA3E3B-9980-43B2-9144-97FF7987F0A5}.Release|Any CPU.ActiveCfg = Release|Any CPU
		{21FA3E3B-9980-43B2-9144-97FF7987F0A5}.Release|Any CPU.Build.0 = Release|Any CPU
		{21FA3E3B-9980-43B2-9144-97FF7987F0A5}.Release|x64.ActiveCfg = Release|x64
		{21FA3E3B-9980-43B2-9144-97FF7987F0A5}.Release|x64.Build.0 = Release|x64
		{21FA3E3B-9980-43B2-9144-97FF7987F0A5}.ShureLaptop|Any CPU.ActiveCfg = ShureLaptop|Any CPU
		{21FA3E3B-9980-43B2-9144-97FF7987F0A5}.ShureLaptop|Any CPU.Build.0 = ShureLaptop|Any CPU
		{21FA3E3B-9980-43B2-9144-97FF7987F0A5}.ShureLaptop|x64.ActiveCfg = ShureLaptop|x64
		{21FA3E3B-9980-43B2-9144-97FF7987F0A5}.ShureLaptop|x64.Build.0 = ShureLaptop|x64
	EndGlobalSection
	GlobalSection(SolutionProperties) = preSolution
		HideSolutionNode = FALSE
	EndGlobalSection
	GlobalSection(ExtensibilityGlobals) = postSolution
		SolutionGuid = {614947B5-2B21-468B-8DA9-FB6215623B1F}
	EndGlobalSection
EndGlobal
